<?xml version="1.0" encoding="utf-8"?>
<Project ToolsVersion="4.0" xmlns="http://schemas.microsoft.com/developer/msbuild/2003">
  <ItemGroup>
    <Filter Include="Source Files">
      <UniqueIdentifier>{683cbedf-b1dd-4250-9f12-c4394e3cc10d}</UniqueIdentifier>
      <Extensions>cpp;c;cxx;def;odl;idl;hpj;bat;asm</Extensions>
    </Filter>
    <Filter Include="Header Files">
      <UniqueIdentifier>{76ceec2f-c0ad-4c5f-9511-e28a73f78f68}</UniqueIdentifier>
      <Extensions>h;hpp;hxx;hm;inl;inc</Extensions>
    </Filter>
    <Filter Include="Resource Files">
      <UniqueIdentifier>{d167d5b7-4463-48ef-b97f-4a7dc50e1dba}</UniqueIdentifier>
      <Extensions>rc;ico;cur;bmp;dlg;rc2;rct;bin;rgs;gif;jpg;jpeg;jpe</Extensions>
    </Filter>
  </ItemGroup>
  <ItemGroup>
    <ClCompile Include="Ats.cpp">
      <Filter>Source Files</Filter>
    </ClCompile>
    <ClCompile Include="AtsP.cpp">
      <Filter>Source Files</Filter>
    </ClCompile>
    <ClCompile Include="AtsSn.cpp">
      <Filter>Source Files</Filter>
    </ClCompile>
    <ClCompile Include="Spp.cpp">
      <Filter>Source Files</Filter>
    </ClCompile>
    <ClCompile Include="stdafx.cpp">
      <Filter>Source Files</Filter>
    </ClCompile>
    <ClCompile Include="Enforcement.cpp">
      <Filter>Source Files</Filter>
    </ClCompile>
    <ClCompile Include="ATSKeys.cpp">
      <Filter>Source Files</Filter>
    </ClCompile>
    <ClCompile Include="Command.cpp">
      <Filter>Source Files</Filter>
    </ClCompile>
    <ClCompile Include="ATO.cpp">
      <Filter>Source Files</Filter>
    </ClCompile>
    <ClCompile Include="ATOEngage.cpp">
      <Filter>Source Files</Filter>
    </ClCompile>
    <ClCompile Include="ATOEngagedState.cpp">
      <Filter>Source Files</Filter>
    </ClCompile>
    <ClCompile Include="ATOState.cpp">
      <Filter>Source Files</Filter>
    </ClCompile>
    <ClCompile Include="ATOReadyState.cpp">
      <Filter>Source Files</Filter>
    </ClCompile>
    <ClCompile Include="ATOServiceBrakeState.cpp">
      <Filter>Source Files</Filter>
    </ClCompile>
    <ClCompile Include="SpeedCurve.cpp">
      <Filter>Source Files</Filter>
    </ClCompile>
    <ClCompile Include="ATOAvailableState.cpp">
      <Filter>Source Files</Filter>
    </ClCompile>
    <ClCompile Include="DMIConnection.cpp">
      <Filter>Source Files</Filter>
    </ClCompile>
  </ItemGroup>
  <ItemGroup>
    <None Include="Ats.def">
      <Filter>Source Files</Filter>
    </None>
  </ItemGroup>
  <ItemGroup>
    <ClInclude Include="Ats.h">
      <Filter>Header Files</Filter>
    </ClInclude>
    <ClInclude Include="AtsP.h">
      <Filter>Header Files</Filter>
    </ClInclude>
    <ClInclude Include="AtsSn.h">
      <Filter>Header Files</Filter>
    </ClInclude>
    <ClInclude Include="Spp.h">
      <Filter>Header Files</Filter>
    </ClInclude>
    <ClInclude Include="atsplugin.h">
      <Filter>Header Files</Filter>
    </ClInclude>
    <ClInclude Include="stdafx.h">
      <Filter>Header Files</Filter>
    </ClInclude>
    <ClInclude Include="Enforcement.h">
      <Filter>Header Files</Filter>
    </ClInclude>
    <ClInclude Include="ATSKeys.h">
      <Filter>Header Files</Filter>
    </ClInclude>
    <ClInclude Include="Command.h">
      <Filter>Header Files</Filter>
    </ClInclude>
    <ClInclude Include="ATO.h">
      <Filter>Header Files</Filter>
    </ClInclude>
    <ClInclude Include="ATOEngage.h">
      <Filter>Header Files</Filter>
    </ClInclude>
    <ClInclude Include="ATOState.h">
      <Filter>Header Files</Filter>
    </ClInclude>
    <ClInclude Include="SpeedCurve.h">
      <Filter>Header Files</Filter>
    </ClInclude>
    <ClInclude Include="DMIConnection.h">
      <Filter>Header Files</Filter>
    </ClInclude>
  </ItemGroup>
</Project>